
Microsoft Visual Studio Solution File, Format Version 11.00
# Visual Studio 2010
Project("{F184B08F-C81C-45F6-A57F-5ABD9991F28F}") = "STAir", "STAir\STAir.vbproj", "{5BFDB940-3A9B-4203-A60A-CAB8665A6480}"
EndProject
Project("{54435603-DBB4-11D2-8724-00A0C9A8B90C}") = "Setup1", "Setup1\Setup1.vdproj", "{C81E60CB-1AF9-44E0-BFDE-602C23CCFAC4}"
EndProject
Global
	GlobalSection(SolutionConfigurationPlatforms) = preSolution
		Debug|x86 = Debug|x86
		Release|x86 = Release|x86
	EndGlobalSection
	GlobalSection(ProjectConfigurationPlatforms) = postSolution
		{5BFDB940-3A9B-4203-A60A-CAB8665A6480}.Debug|x86.ActiveCfg = Debug|x86
		{5BFDB940-3A9B-4203-A60A-CAB8665A6480}.Debug|x86.Build.0 = Debug|x86
		{5BFDB940-3A9B-4203-A60A-CAB8665A6480}.Release|x86.ActiveCfg = Release|x86
		{5BFDB940-3A9B-4203-A60A-CAB8665A6480}.Release|x86.Build.0 = Release|x86
		{C81E60CB-1AF9-44E0-BFDE-602C23CCFAC4}.Debug|x86.ActiveCfg = Debug
		{C81E60CB-1AF9-44E0-BFDE-602C23CCFAC4}.Release|x86.ActiveCfg = Release
		{C81E60CB-1AF9-44E0-BFDE-602C23CCFAC4}.Release|x86.Build.0 = Release
	EndGlobalSection
	GlobalSection(SolutionProperties) = preSolution
		HideSolutionNode = FALSE
	EndGlobalSection
EndGlobal
